
Microsoft Visual Studio Solution File, Format Version 12.00
# Visual Studio 15
VisualStudioVersion = 15.0.27428.2037
MinimumVisualStudioVersion = 10.0.40219.1
Project("{FAE04EC0-301F-11D3-BF4B-00C04F79EFBC}") = "DefenseAttackPUFLibraryV2", "DefenseAttackPUFLibraryV2\DefenseAttackPUFLibraryV2.csproj", "{7E62A34D-23C3-4575-B128-183C08663A8E}"
EndProject
Global
	GlobalSection(SolutionConfigurationPlatforms) = preSolution
		Debug|Any CPU = Debug|Any CPU
		Release|Any CPU = Release|Any CPU
	EndGlobalSection
	GlobalSection(ProjectConfigurationPlatforms) = postSolution
		{7E62A34D-23C3-4575-B128-183C08663A8E}.Debug|Any CPU.ActiveCfg = Debug|Any CPU
		{7E62A34D-23C3-4575-B128-183C08663A8E}.Debug|Any CPU.Build.0 = Debug|Any CPU
		{7E62A34D-23C3-4575-B128-183C08663A8E}.Release|Any CPU.ActiveCfg = Release|Any CPU
		{7E62A34D-23C3-4575-B128-183C08663A8E}.Release|Any CPU.Build.0 = Release|Any CPU
	EndGlobalSection
	GlobalSection(SolutionProperties) = preSolution
		HideSolutionNode = FALSE
	EndGlobalSection
	GlobalSection(ExtensibilityGlobals) = postSolution
		SolutionGuid = {B238C462-CD72-4912-8AC6-EB33FC01DA6E}
	EndGlobalSection
EndGlobal
